{
  "name": "google-card",
  "version": "1.0.0",
  "lockfileVersion": 3,
  "requires": true,
  "packages": {
    "": {
      "name": "google-card",
      "version": "1.0.0",
      "license": "MIT",
      "dependencies": {
        "lit-element": "2.4.0"
      },
      "devDependencies": {
        "@rollup/plugin-json": "6.1.0",
        "@rollup/plugin-node-resolve": "15.2.3",
        "@rollup/plugin-terser": "0.4.4",
        "@rollup/plugin-typescript": "11.1.6",
        "eslint": "8.57.0",
        "prettier": "2.8.8",
        "rollup": "3.29.4",
        "rollup-plugin-copy": "3.5.0",
        "rollup-plugin-minify-html-literals": "1.2.6",
        "rollup-plugin-serve": "2.0.2"
      }
    }
  }
}
